
Microsoft Visual Studio Solution File, Format Version 12.00
# Visual Studio Version 17
VisualStudioVersion = 17.8.34511.84
MinimumVisualStudioVersion = 10.0.40219.1
Project("{9A19103F-16F7-4668-BE54-9A1E7A4F7556}") = "CashingDemo", "CashingDemo\CashingDemo.csproj", "{6597999C-17A1-40CA-A80B-21E5C6BF20CE}"
EndProject
Project("{FAE04EC0-301F-11D3-BF4B-00C04F79EFBC}") = "DataAccessLibrary", "DataAccessLibrary\DataAccessLibrary.csproj", "{664EEF9F-3DAE-4439-BDD7-0864F31A9402}"
EndProject
Global
	GlobalSection(SolutionConfigurationPlatforms) = preSolution
		Debug|Any CPU = Debug|Any CPU
		Release|Any CPU = Release|Any CPU
	EndGlobalSection
	GlobalSection(ProjectConfigurationPlatforms) = postSolution
		{6597999C-17A1-40CA-A80B-21E5C6BF20CE}.Debug|Any CPU.ActiveCfg = Debug|Any CPU
		{6597999C-17A1-40CA-A80B-21E5C6BF20CE}.Debug|Any CPU.Build.0 = Debug|Any CPU
		{6597999C-17A1-40CA-A80B-21E5C6BF20CE}.Release|Any CPU.ActiveCfg = Release|Any CPU
		{6597999C-17A1-40CA-A80B-21E5C6BF20CE}.Release|Any CPU.Build.0 = Release|Any CPU
		{664EEF9F-3DAE-4439-BDD7-0864F31A9402}.Debug|Any CPU.ActiveCfg = Debug|Any CPU
		{664EEF9F-3DAE-4439-BDD7-0864F31A9402}.Debug|Any CPU.Build.0 = Debug|Any CPU
		{664EEF9F-3DAE-4439-BDD7-0864F31A9402}.Release|Any CPU.ActiveCfg = Release|Any CPU
		{664EEF9F-3DAE-4439-BDD7-0864F31A9402}.Release|Any CPU.Build.0 = Release|Any CPU
	EndGlobalSection
	GlobalSection(SolutionProperties) = preSolution
		HideSolutionNode = FALSE
	EndGlobalSection
	GlobalSection(ExtensibilityGlobals) = postSolution
		SolutionGuid = {7D0FFCF8-72DA-4E8D-A9B7-80A818A5924D}
	EndGlobalSection
EndGlobal
